// !$*UTF8*$!
{
	archiveVersion = 1;
	classes = {
	};
	objectVersion = 46;
	objects = {

/* Begin PBXBuildFile section */
		981F4CFFA0CD8E619414436A /* libPods-Colab.a in Frameworks */ = {isa = PBXBuildFile; fileRef = 63B983FCBEB40B630368A4F0 /* libPods-Colab.a */; };
		B507D42D818AC20D823FAD28 /* libPods-ColabTests.a in Frameworks */ = {isa = PBXBuildFile; fileRef = C794FF8B0A47A2BBFDEBD8FB /* libPods-ColabTests.a */; };
		D30C63F21AE435A400C5AFF7 /* Constants.swift in Sources */ = {isa = PBXBuildFile; fileRef = D30C63F11AE435A400C5AFF7 /* Constants.swift */; };
		D30C63F91AE447D600C5AFF7 /* QueryManager.swift in Sources */ = {isa = PBXBuildFile; fileRef = D30C63F71AE447D600C5AFF7 /* QueryManager.swift */; };
		D30C63FA1AE447D600C5AFF7 /* UserController.swift in Sources */ = {isa = PBXBuildFile; fileRef = D30C63F81AE447D600C5AFF7 /* UserController.swift */; };
		D3C7C4791AB7637D00693A0F /* AppDelegate.swift in Sources */ = {isa = PBXBuildFile; fileRef = D3C7C4781AB7637D00693A0F /* AppDelegate.swift */; };
		D3C7C4801AB7637D00693A0F /* Main.storyboard in Resources */ = {isa = PBXBuildFile; fileRef = D3C7C47E1AB7637D00693A0F /* Main.storyboard */; };
		D3C7C4821AB7637D00693A0F /* Images.xcassets in Resources */ = {isa = PBXBuildFile; fileRef = D3C7C4811AB7637D00693A0F /* Images.xcassets */; };
		D3C7C4851AB7637D00693A0F /* LaunchScreen.xib in Resources */ = {isa = PBXBuildFile; fileRef = D3C7C4831AB7637D00693A0F /* LaunchScreen.xib */; };
		D3C7C4911AB7637E00693A0F /* ColabTests.swift in Sources */ = {isa = PBXBuildFile; fileRef = D3C7C4901AB7637E00693A0F /* ColabTests.swift */; };
		D522EE211AE41F7500F13E45 /* UserLoginViewController.swift in Sources */ = {isa = PBXBuildFile; fileRef = D522EE201AE41F7500F13E45 /* UserLoginViewController.swift */; };
		D522EE261AE4312500F13E45 /* Project.swift in Sources */ = {isa = PBXBuildFile; fileRef = D522EE231AE4312500F13E45 /* Project.swift */; };
		D522EE271AE4312500F13E45 /* Skill.swift in Sources */ = {isa = PBXBuildFile; fileRef = D522EE241AE4312500F13E45 /* Skill.swift */; };
		D522EE281AE4312500F13E45 /* User.swift in Sources */ = {isa = PBXBuildFile; fileRef = D522EE251AE4312500F13E45 /* User.swift */; };
		D5752F021AB7681C007E5926 /* Collections.swift in Sources */ = {isa = PBXBuildFile; fileRef = D5752EFA1AB7681C007E5926 /* Collections.swift */; };
		D5752F031AB7681C007E5926 /* CustomUserTableViewCell.swift in Sources */ = {isa = PBXBuildFile; fileRef = D5752EFB1AB7681C007E5926 /* CustomUserTableViewCell.swift */; };
		D5752F051AB7681C007E5926 /* placeholder.png in Resources */ = {isa = PBXBuildFile; fileRef = D5752EFD1AB7681C007E5926 /* placeholder.png */; };
		D5752F061AB7681C007E5926 /* SearchHelper.swift in Sources */ = {isa = PBXBuildFile; fileRef = D5752EFE1AB7681C007E5926 /* SearchHelper.swift */; };
		D5752F071AB7681C007E5926 /* SearchTableViewController.swift in Sources */ = {isa = PBXBuildFile; fileRef = D5752EFF1AB7681C007E5926 /* SearchTableViewController.swift */; };
		D5F15DBB1ADDD9E30062F69D /* ProfileViewController.swift in Sources */ = {isa = PBXBuildFile; fileRef = D5F15DBA1ADDD9E30062F69D /* ProfileViewController.swift */; };
/* End PBXBuildFile section */

/* Begin PBXContainerItemProxy section */
		D3C7C48B1AB7637E00693A0F /* PBXContainerItemProxy */ = {
			isa = PBXContainerItemProxy;
			containerPortal = D3C7C46B1AB7637D00693A0F /* Project object */;
			proxyType = 1;
			remoteGlobalIDString = D3C7C4721AB7637D00693A0F;
			remoteInfo = Colab;
		};
/* End PBXContainerItemProxy section */

/* Begin PBXFileReference section */
		2A13488BD09F8CE31211D78E /* Pods-ColabTests.debug.xcconfig */ = {isa = PBXFileReference; includeInIndex = 1; lastKnownFileType = text.xcconfig; name = "Pods-ColabTests.debug.xcconfig"; path = "Pods/Target Support Files/Pods-ColabTests/Pods-ColabTests.debug.xcconfig"; sourceTree = "<group>"; };
		63B983FCBEB40B630368A4F0 /* libPods-Colab.a */ = {isa = PBXFileReference; explicitFileType = archive.ar; includeInIndex = 0; path = "libPods-Colab.a"; sourceTree = BUILT_PRODUCTS_DIR; };
		82BE2E7BB73B25D4FF578869 /* Pods-Colab.release.xcconfig */ = {isa = PBXFileReference; includeInIndex = 1; lastKnownFileType = text.xcconfig; name = "Pods-Colab.release.xcconfig"; path = "Pods/Target Support Files/Pods-Colab/Pods-Colab.release.xcconfig"; sourceTree = "<group>"; };
		836C9A7FD26DA67D25C7E782 /* Pods-ColabTests.release.xcconfig */ = {isa = PBXFileReference; includeInIndex = 1; lastKnownFileType = text.xcconfig; name = "Pods-ColabTests.release.xcconfig"; path = "Pods/Target Support Files/Pods-ColabTests/Pods-ColabTests.release.xcconfig"; sourceTree = "<group>"; };
		AD2601C1F45683888504EBC1 /* Pods-Colab.debug.xcconfig */ = {isa = PBXFileReference; includeInIndex = 1; lastKnownFileType = text.xcconfig; name = "Pods-Colab.debug.xcconfig"; path = "Pods/Target Support Files/Pods-Colab/Pods-Colab.debug.xcconfig"; sourceTree = "<group>"; };
		C794FF8B0A47A2BBFDEBD8FB /* libPods-ColabTests.a */ = {isa = PBXFileReference; explicitFileType = archive.ar; includeInIndex = 0; path = "libPods-ColabTests.a"; sourceTree = BUILT_PRODUCTS_DIR; };
		D30C63F11AE435A400C5AFF7 /* Constants.swift */ = {isa = PBXFileReference; fileEncoding = 4; lastKnownFileType = sourcecode.swift; path = Constants.swift; sourceTree = "<group>"; };
		D30C63F71AE447D600C5AFF7 /* QueryManager.swift */ = {isa = PBXFileReference; fileEncoding = 4; lastKnownFileType = sourcecode.swift; path = QueryManager.swift; sourceTree = "<group>"; };
		D30C63F81AE447D600C5AFF7 /* UserController.swift */ = {isa = PBXFileReference; fileEncoding = 4; lastKnownFileType = sourcecode.swift; path = UserController.swift; sourceTree = "<group>"; };
		D3C7C4731AB7637D00693A0F /* Colab.app */ = {isa = PBXFileReference; explicitFileType = wrapper.application; includeInIndex = 0; path = Colab.app; sourceTree = BUILT_PRODUCTS_DIR; };
		D3C7C4771AB7637D00693A0F /* Info.plist */ = {isa = PBXFileReference; lastKnownFileType = text.plist.xml; path = Info.plist; sourceTree = "<group>"; };
		D3C7C4781AB7637D00693A0F /* AppDelegate.swift */ = {isa = PBXFileReference; lastKnownFileType = sourcecode.swift; path = AppDelegate.swift; sourceTree = "<group>"; };
		D3C7C47F1AB7637D00693A0F /* Base */ = {isa = PBXFileReference; lastKnownFileType = file.storyboard; name = Base; path = Base.lproj/Main.storyboard; sourceTree = "<group>"; };
		D3C7C4811AB7637D00693A0F /* Images.xcassets */ = {isa = PBXFileReference; lastKnownFileType = folder.assetcatalog; path = Images.xcassets; sourceTree = "<group>"; };
		D3C7C4841AB7637D00693A0F /* Base */ = {isa = PBXFileReference; lastKnownFileType = file.xib; name = Base; path = Base.lproj/LaunchScreen.xib; sourceTree = "<group>"; };
		D3C7C48A1AB7637E00693A0F /* ColabTests.xctest */ = {isa = PBXFileReference; explicitFileType = wrapper.cfbundle; includeInIndex = 0; path = ColabTests.xctest; sourceTree = BUILT_PRODUCTS_DIR; };
		D3C7C48F1AB7637E00693A0F /* Info.plist */ = {isa = PBXFileReference; lastKnownFileType = text.plist.xml; path = Info.plist; sourceTree = "<group>"; };
		D3C7C4901AB7637E00693A0F /* ColabTests.swift */ = {isa = PBXFileReference; lastKnownFileType = sourcecode.swift; path = ColabTests.swift; sourceTree = "<group>"; };
		D522EE201AE41F7500F13E45 /* UserLoginViewController.swift */ = {isa = PBXFileReference; fileEncoding = 4; lastKnownFileType = sourcecode.swift; path = UserLoginViewController.swift; sourceTree = "<group>"; };
		D522EE231AE4312500F13E45 /* Project.swift */ = {isa = PBXFileReference; fileEncoding = 4; lastKnownFileType = sourcecode.swift; path = Project.swift; sourceTree = "<group>"; };
		D522EE241AE4312500F13E45 /* Skill.swift */ = {isa = PBXFileReference; fileEncoding = 4; lastKnownFileType = sourcecode.swift; path = Skill.swift; sourceTree = "<group>"; };
		D522EE251AE4312500F13E45 /* User.swift */ = {isa = PBXFileReference; fileEncoding = 4; lastKnownFileType = sourcecode.swift; path = User.swift; sourceTree = "<group>"; };
		D5752EFA1AB7681C007E5926 /* Collections.swift */ = {isa = PBXFileReference; fileEncoding = 4; lastKnownFileType = sourcecode.swift; path = Collections.swift; sourceTree = "<group>"; };
		D5752EFB1AB7681C007E5926 /* CustomUserTableViewCell.swift */ = {isa = PBXFileReference; fileEncoding = 4; lastKnownFileType = sourcecode.swift; path = CustomUserTableViewCell.swift; sourceTree = "<group>"; };
		D5752EFD1AB7681C007E5926 /* placeholder.png */ = {isa = PBXFileReference; lastKnownFileType = image.png; path = placeholder.png; sourceTree = "<group>"; };
		D5752EFE1AB7681C007E5926 /* SearchHelper.swift */ = {isa = PBXFileReference; fileEncoding = 4; lastKnownFileType = sourcecode.swift; path = SearchHelper.swift; sourceTree = "<group>"; };
		D5752EFF1AB7681C007E5926 /* SearchTableViewController.swift */ = {isa = PBXFileReference; fileEncoding = 4; lastKnownFileType = sourcecode.swift; path = SearchTableViewController.swift; sourceTree = "<group>"; };
		D5752F0B1AB768A2007E5926 /* Co-Llab-Bridging-Header.h */ = {isa = PBXFileReference; lastKnownFileType = sourcecode.c.h; path = "Co-Llab-Bridging-Header.h"; sourceTree = "<group>"; };
		D5F15DBA1ADDD9E30062F69D /* ProfileViewController.swift */ = {isa = PBXFileReference; fileEncoding = 4; lastKnownFileType = sourcecode.swift; path = ProfileViewController.swift; sourceTree = "<group>"; };
/* End PBXFileReference section */

/* Begin PBXFrameworksBuildPhase section */
		D3C7C4701AB7637D00693A0F /* Frameworks */ = {
			isa = PBXFrameworksBuildPhase;
			buildActionMask = 2147483647;
			files = (
				981F4CFFA0CD8E619414436A /* libPods-Colab.a in Frameworks */,
			);
			runOnlyForDeploymentPostprocessing = 0;
		};
		D3C7C4871AB7637E00693A0F /* Frameworks */ = {
			isa = PBXFrameworksBuildPhase;
			buildActionMask = 2147483647;
			files = (
				B507D42D818AC20D823FAD28 /* libPods-ColabTests.a in Frameworks */,
			);
			runOnlyForDeploymentPostprocessing = 0;
		};
/* End PBXFrameworksBuildPhase section */

/* Begin PBXGroup section */
		1D3E1E36195AA341209431E4 /* Frameworks */ = {
			isa = PBXGroup;
			children = (
				63B983FCBEB40B630368A4F0 /* libPods-Colab.a */,
				C794FF8B0A47A2BBFDEBD8FB /* libPods-ColabTests.a */,
			);
			name = Frameworks;
			sourceTree = "<group>";
		};
		37113567B4BDC145E59C4182 /* Pods */ = {
			isa = PBXGroup;
			children = (
				AD2601C1F45683888504EBC1 /* Pods-Colab.debug.xcconfig */,
				82BE2E7BB73B25D4FF578869 /* Pods-Colab.release.xcconfig */,
				2A13488BD09F8CE31211D78E /* Pods-ColabTests.debug.xcconfig */,
				836C9A7FD26DA67D25C7E782 /* Pods-ColabTests.release.xcconfig */,
			);
			name = Pods;
			sourceTree = "<group>";
		};
		D30C63F61AE447C600C5AFF7 /* Controllers */ = {
			isa = PBXGroup;
			children = (
				D30C63F71AE447D600C5AFF7 /* QueryManager.swift */,
				D30C63F81AE447D600C5AFF7 /* UserController.swift */,
			);
			name = Controllers;
			sourceTree = "<group>";
		};
		D3C7C46A1AB7637D00693A0F = {
			isa = PBXGroup;
			children = (
				D3C7C4751AB7637D00693A0F /* Colab */,
				D3C7C48D1AB7637E00693A0F /* ColabTests */,
				D3C7C4741AB7637D00693A0F /* Products */,
				37113567B4BDC145E59C4182 /* Pods */,
				1D3E1E36195AA341209431E4 /* Frameworks */,
			);
			sourceTree = "<group>";
		};
		D3C7C4741AB7637D00693A0F /* Products */ = {
			isa = PBXGroup;
			children = (
				D3C7C4731AB7637D00693A0F /* Colab.app */,
				D3C7C48A1AB7637E00693A0F /* ColabTests.xctest */,
			);
			name = Products;
			sourceTree = "<group>";
		};
		D3C7C4751AB7637D00693A0F /* Colab */ = {
			isa = PBXGroup;
			children = (
				D30C63F61AE447C600C5AFF7 /* Controllers */,
				D5752F101AB76A59007E5926 /* Interface */,
				D522EE221AE430D600F13E45 /* Models */,
				D5752F0F1AB76A44007E5926 /* Application Classes */,
				D5752F0D1AB76A0D007E5926 /* Search Classes */,
				D5752F0C1AB769FC007E5926 /* View Controllers */,
				D5752F0B1AB768A2007E5926 /* Co-Llab-Bridging-Header.h */,
				D5752EFD1AB7681C007E5926 /* placeholder.png */,
				D3C7C4811AB7637D00693A0F /* Images.xcassets */,
				D3C7C4761AB7637D00693A0F /* Supporting Files */,
			);
			path = Colab;
			sourceTree = "<group>";
		};
		D3C7C4761AB7637D00693A0F /* Supporting Files */ = {
			isa = PBXGroup;
			children = (
				D3C7C4771AB7637D00693A0F /* Info.plist */,
			);
			name = "Supporting Files";
			sourceTree = "<group>";
		};
		D3C7C48D1AB7637E00693A0F /* ColabTests */ = {
			isa = PBXGroup;
			children = (
				D3C7C4901AB7637E00693A0F /* ColabTests.swift */,
				D3C7C48E1AB7637E00693A0F /* Supporting Files */,
			);
			path = ColabTests;
			sourceTree = "<group>";
		};
		D3C7C48E1AB7637E00693A0F /* Supporting Files */ = {
			isa = PBXGroup;
			children = (
				D3C7C48F1AB7637E00693A0F /* Info.plist */,
			);
			name = "Supporting Files";
			sourceTree = "<group>";
		};
		D522EE221AE430D600F13E45 /* Models */ = {
			isa = PBXGroup;
			children = (
				D522EE231AE4312500F13E45 /* Project.swift */,
				D522EE241AE4312500F13E45 /* Skill.swift */,
				D522EE251AE4312500F13E45 /* User.swift */,
			);
			name = Models;
			sourceTree = "<group>";
		};
		D5752F0C1AB769FC007E5926 /* View Controllers */ = {
			isa = PBXGroup;
			children = (
				D522EE201AE41F7500F13E45 /* UserLoginViewController.swift */,
				D5752EFF1AB7681C007E5926 /* SearchTableViewController.swift */,
				D5F15DBA1ADDD9E30062F69D /* ProfileViewController.swift */,
			);
			name = "View Controllers";
			sourceTree = "<group>";
		};
		D5752F0D1AB76A0D007E5926 /* Search Classes */ = {
			isa = PBXGroup;
			children = (
				D5752EFB1AB7681C007E5926 /* CustomUserTableViewCell.swift */,
				D5752EFE1AB7681C007E5926 /* SearchHelper.swift */,
			);
			name = "Search Classes";
			sourceTree = "<group>";
		};
		D5752F0F1AB76A44007E5926 /* Application Classes */ = {
			isa = PBXGroup;
			children = (
				D5752EFA1AB7681C007E5926 /* Collections.swift */,
				D3C7C4781AB7637D00693A0F /* AppDelegate.swift */,
				D30C63F11AE435A400C5AFF7 /* Constants.swift */,
			);
			name = "Application Classes";
			sourceTree = "<group>";
		};
		D5752F101AB76A59007E5926 /* Interface */ = {
			isa = PBXGroup;
			children = (
				D3C7C47E1AB7637D00693A0F /* Main.storyboard */,
				D3C7C4831AB7637D00693A0F /* LaunchScreen.xib */,
			);
			name = Interface;
			sourceTree = "<group>";
		};
/* End PBXGroup section */

/* Begin PBXNativeTarget section */
		D3C7C4721AB7637D00693A0F /* Colab */ = {
			isa = PBXNativeTarget;
			buildConfigurationList = D3C7C4941AB7637E00693A0F /* Build configuration list for PBXNativeTarget "Colab" */;
			buildPhases = (
				32E76C2F22DA684ADDFDEF77 /* Check Pods Manifest.lock */,
				D3C7C46F1AB7637D00693A0F /* Sources */,
				D3C7C4701AB7637D00693A0F /* Frameworks */,
				D3C7C4711AB7637D00693A0F /* Resources */,
				CC7C24810DC632176EA37774 /* Copy Pods Resources */,
			);
			buildRules = (
			);
			dependencies = (
			);
			name = Colab;
			productName = Colab;
			productReference = D3C7C4731AB7637D00693A0F /* Colab.app */;
			productType = "com.apple.product-type.application";
		};
		D3C7C4891AB7637E00693A0F /* ColabTests */ = {
			isa = PBXNativeTarget;
			buildConfigurationList = D3C7C4971AB7637E00693A0F /* Build configuration list for PBXNativeTarget "ColabTests" */;
			buildPhases = (
				6A1A6DB6819678C1C31BCF45 /* Check Pods Manifest.lock */,
				D3C7C4861AB7637E00693A0F /* Sources */,
				D3C7C4871AB7637E00693A0F /* Frameworks */,
				D3C7C4881AB7637E00693A0F /* Resources */,
				153673DA9605442E597E4770 /* Copy Pods Resources */,
			);
			buildRules = (
			);
			dependencies = (
				D3C7C48C1AB7637E00693A0F /* PBXTargetDependency */,
			);
			name = ColabTests;
			productName = ColabTests;
			productReference = D3C7C48A1AB7637E00693A0F /* ColabTests.xctest */;
			productType = "com.apple.product-type.bundle.unit-test";
		};
/* End PBXNativeTarget section */

/* Begin PBXProject section */
		D3C7C46B1AB7637D00693A0F /* Project object */ = {
			isa = PBXProject;
			attributes = {
				LastUpgradeCheck = 0610;
				ORGANIZATIONNAME = goldreddyfishkin;
				TargetAttributes = {
					D3C7C4721AB7637D00693A0F = {
						CreatedOnToolsVersion = 6.1.1;
					};
					D3C7C4891AB7637E00693A0F = {
						CreatedOnToolsVersion = 6.1.1;
						TestTargetID = D3C7C4721AB7637D00693A0F;
					};
				};
			};
			buildConfigurationList = D3C7C46E1AB7637D00693A0F /* Build configuration list for PBXProject "Colab" */;
			compatibilityVersion = "Xcode 3.2";
			developmentRegion = English;
			hasScannedForEncodings = 0;
			knownRegions = (
				en,
				Base,
			);
			mainGroup = D3C7C46A1AB7637D00693A0F;
			productRefGroup = D3C7C4741AB7637D00693A0F /* Products */;
			projectDirPath = "";
			projectRoot = "";
			targets = (
				D3C7C4721AB7637D00693A0F /* Colab */,
				D3C7C4891AB7637E00693A0F /* ColabTests */,
			);
		};
/* End PBXProject section */

/* Begin PBXResourcesBuildPhase section */
		D3C7C4711AB7637D00693A0F /* Resources */ = {
			isa = PBXResourcesBuildPhase;
			buildActionMask = 2147483647;
			files = (
				D3C7C4801AB7637D00693A0F /* Main.storyboard in Resources */,
				D5752F051AB7681C007E5926 /* placeholder.png in Resources */,
				D3C7C4851AB7637D00693A0F /* LaunchScreen.xib in Resources */,
				D3C7C4821AB7637D00693A0F /* Images.xcassets in Resources */,
			);
			runOnlyForDeploymentPostprocessing = 0;
		};
		D3C7C4881AB7637E00693A0F /* Resources */ = {
			isa = PBXResourcesBuildPhase;
			buildActionMask = 2147483647;
			files = (
			);
			runOnlyForDeploymentPostprocessing = 0;
		};
/* End PBXResourcesBuildPhase section */

/* Begin PBXShellScriptBuildPhase section */
		153673DA9605442E597E4770 /* Copy Pods Resources */ = {
			isa = PBXShellScriptBuildPhase;
			buildActionMask = 2147483647;
			files = (
			);
			inputPaths = (
			);
			name = "Copy Pods Resources";
			outputPaths = (
			);
			runOnlyForDeploymentPostprocessing = 0;
			shellPath = /bin/sh;
			shellScript = "\"${SRCROOT}/Pods/Target Support Files/Pods-ColabTests/Pods-ColabTests-resources.sh\"\n";
			showEnvVarsInLog = 0;
		};
		32E76C2F22DA684ADDFDEF77 /* Check Pods Manifest.lock */ = {
			isa = PBXShellScriptBuildPhase;
			buildActionMask = 2147483647;
			files = (
			);
			inputPaths = (
			);
			name = "Check Pods Manifest.lock";
			outputPaths = (
			);
			runOnlyForDeploymentPostprocessing = 0;
			shellPath = /bin/sh;
			shellScript = "diff \"${PODS_ROOT}/../Podfile.lock\" \"${PODS_ROOT}/Manifest.lock\" > /dev/null\nif [[ $? != 0 ]] ; then\n    cat << EOM\nerror: The sandbox is not in sync with the Podfile.lock. Run 'pod install' or update your CocoaPods installation.\nEOM\n    exit 1\nfi\n";
			showEnvVarsInLog = 0;
		};
		6A1A6DB6819678C1C31BCF45 /* Check Pods Manifest.lock */ = {
			isa = PBXShellScriptBuildPhase;
			buildActionMask = 2147483647;
			files = (
			);
			inputPaths = (
			);
			name = "Check Pods Manifest.lock";
			outputPaths = (
			);
			runOnlyForDeploymentPostprocessing = 0;
			shellPath = /bin/sh;
			shellScript = "diff \"${PODS_ROOT}/../Podfile.lock\" \"${PODS_ROOT}/Manifest.lock\" > /dev/null\nif [[ $? != 0 ]] ; then\n    cat << EOM\nerror: The sandbox is not in sync with the Podfile.lock. Run 'pod install' or update your CocoaPods installation.\nEOM\n    exit 1\nfi\n";
			showEnvVarsInLog = 0;
		};
		CC7C24810DC632176EA37774 /* Copy Pods Resources */ = {
			isa = PBXShellScriptBuildPhase;
			buildActionMask = 2147483647;
			files = (
			);
			inputPaths = (
			);
			name = "Copy Pods Resources";
			outputPaths = (
			);
			runOnlyForDeploymentPostprocessing = 0;
			shellPath = /bin/sh;
			shellScript = "\"${SRCROOT}/Pods/Target Support Files/Pods-Colab/Pods-Colab-resources.sh\"\n";
			showEnvVarsInLog = 0;
		};
/* End PBXShellScriptBuildPhase section */

/* Begin PBXSourcesBuildPhase section */
		D3C7C46F1AB7637D00693A0F /* Sources */ = {
			isa = PBXSourcesBuildPhase;
			buildActionMask = 2147483647;
			files = (
				D30C63F91AE447D600C5AFF7 /* QueryManager.swift in Sources */,
				D5752F031AB7681C007E5926 /* CustomUserTableViewCell.swift in Sources */,
				D522EE211AE41F7500F13E45 /* UserLoginViewController.swift in Sources */,
				D3C7C4791AB7637D00693A0F /* AppDelegate.swift in Sources */,
				D522EE271AE4312500F13E45 /* Skill.swift in Sources */,
				D5F15DBB1ADDD9E30062F69D /* ProfileViewController.swift in Sources */,
				D5752F021AB7681C007E5926 /* Collections.swift in Sources */,
				D5752F061AB7681C007E5926 /* SearchHelper.swift in Sources */,
				D5752F071AB7681C007E5926 /* SearchTableViewController.swift in Sources */,
				D522EE281AE4312500F13E45 /* User.swift in Sources */,
				D30C63FA1AE447D600C5AFF7 /* UserController.swift in Sources */,
				D522EE261AE4312500F13E45 /* Project.swift in Sources */,
				D30C63F21AE435A400C5AFF7 /* Constants.swift in Sources */,
			);
			runOnlyForDeploymentPostprocessing = 0;
		};
		D3C7C4861AB7637E00693A0F /* Sources */ = {
			isa = PBXSourcesBuildPhase;
			buildActionMask = 2147483647;
			files = (
				D3C7C4911AB7637E00693A0F /* ColabTests.swift in Sources */,
			);
			runOnlyForDeploymentPostprocessing = 0;
		};
/* End PBXSourcesBuildPhase section */

/* Begin PBXTargetDependency section */
		D3C7C48C1AB7637E00693A0F /* PBXTargetDependency */ = {
			isa = PBXTargetDependency;
			target = D3C7C4721AB7637D00693A0F /* Colab */;
			targetProxy = D3C7C48B1AB7637E00693A0F /* PBXContainerItemProxy */;
		};
/* End PBXTargetDependency section */

/* Begin PBXVariantGroup section */
		D3C7C47E1AB7637D00693A0F /* Main.storyboard */ = {
			isa = PBXVariantGroup;
			children = (
				D3C7C47F1AB7637D00693A0F /* Base */,
			);
			name = Main.storyboard;
			sourceTree = "<group>";
		};
		D3C7C4831AB7637D00693A0F /* LaunchScreen.xib */ = {
			isa = PBXVariantGroup;
			children = (
				D3C7C4841AB7637D00693A0F /* Base */,
			);
			name = LaunchScreen.xib;
			sourceTree = "<group>";
		};
/* End PBXVariantGroup section */

/* Begin XCBuildConfiguration section */
		D3C7C4921AB7637E00693A0F /* Debug */ = {
			isa = XCBuildConfiguration;
			buildSettings = {
				ALWAYS_SEARCH_USER_PATHS = NO;
				CLANG_CXX_LANGUAGE_STANDARD = "gnu++0x";
				CLANG_CXX_LIBRARY = "libc++";
				CLANG_ENABLE_MODULES = YES;
				CLANG_ENABLE_OBJC_ARC = YES;
				CLANG_WARN_BOOL_CONVERSION = YES;
				CLANG_WARN_CONSTANT_CONVERSION = YES;
				CLANG_WARN_DIRECT_OBJC_ISA_USAGE = YES_ERROR;
				CLANG_WARN_EMPTY_BODY = YES;
				CLANG_WARN_ENUM_CONVERSION = YES;
				CLANG_WARN_INT_CONVERSION = YES;
				CLANG_WARN_OBJC_ROOT_CLASS = YES_ERROR;
				CLANG_WARN_UNREACHABLE_CODE = YES;
				CLANG_WARN__DUPLICATE_METHOD_MATCH = YES;
				"CODE_SIGN_IDENTITY[sdk=iphoneos*]" = "iPhone Developer";
				COPY_PHASE_STRIP = NO;
				ENABLE_STRICT_OBJC_MSGSEND = YES;
				GCC_C_LANGUAGE_STANDARD = gnu99;
				GCC_DYNAMIC_NO_PIC = NO;
				GCC_OPTIMIZATION_LEVEL = 0;
				GCC_PREPROCESSOR_DEFINITIONS = (
					"DEBUG=1",
					"$(inherited)",
				);
				GCC_SYMBOLS_PRIVATE_EXTERN = NO;
				GCC_WARN_64_TO_32_BIT_CONVERSION = YES;
				GCC_WARN_ABOUT_RETURN_TYPE = YES_ERROR;
				GCC_WARN_UNDECLARED_SELECTOR = YES;
				GCC_WARN_UNINITIALIZED_AUTOS = YES_AGGRESSIVE;
				GCC_WARN_UNUSED_FUNCTION = YES;
				GCC_WARN_UNUSED_VARIABLE = YES;
				IPHONEOS_DEPLOYMENT_TARGET = 8.1;
				MTL_ENABLE_DEBUG_INFO = YES;
				ONLY_ACTIVE_ARCH = YES;
				SDKROOT = iphoneos;
				SWIFT_OPTIMIZATION_LEVEL = "-Onone";
			};
			name = Debug;
		};
		D3C7C4931AB7637E00693A0F /* Release */ = {
			isa = XCBuildConfiguration;
			buildSettings = {
				ALWAYS_SEARCH_USER_PATHS = NO;
				CLANG_CXX_LANGUAGE_STANDARD = "gnu++0x";
				CLANG_CXX_LIBRARY = "libc++";
				CLANG_ENABLE_MODULES = YES;
				CLANG_ENABLE_OBJC_ARC = YES;
				CLANG_WARN_BOOL_CONVERSION = YES;
				CLANG_WARN_CONSTANT_CONVERSION = YES;
				CLANG_WARN_DIRECT_OBJC_ISA_USAGE = YES_ERROR;
				CLANG_WARN_EMPTY_BODY = YES;
				CLANG_WARN_ENUM_CONVERSION = YES;
				CLANG_WARN_INT_CONVERSION = YES;
				CLANG_WARN_OBJC_ROOT_CLASS = YES_ERROR;
				CLANG_WARN_UNREACHABLE_CODE = YES;
				CLANG_WARN__DUPLICATE_METHOD_MATCH = YES;
				"CODE_SIGN_IDENTITY[sdk=iphoneos*]" = "iPhone Developer";
				COPY_PHASE_STRIP = YES;
				ENABLE_NS_ASSERTIONS = NO;
				ENABLE_STRICT_OBJC_MSGSEND = YES;
				GCC_C_LANGUAGE_STANDARD = gnu99;
				GCC_WARN_64_TO_32_BIT_CONVERSION = YES;
				GCC_WARN_ABOUT_RETURN_TYPE = YES_ERROR;
				GCC_WARN_UNDECLARED_SELECTOR = YES;
				GCC_WARN_UNINITIALIZED_AUTOS = YES_AGGRESSIVE;
				GCC_WARN_UNUSED_FUNCTION = YES;
				GCC_WARN_UNUSED_VARIABLE = YES;
				IPHONEOS_DEPLOYMENT_TARGET = 8.1;
				MTL_ENABLE_DEBUG_INFO = NO;
				SDKROOT = iphoneos;
				VALIDATE_PRODUCT = YES;
			};
			name = Release;
		};
		D3C7C4951AB7637E00693A0F /* Debug */ = {
			isa = XCBuildConfiguration;
			baseConfigurationReference = AD2601C1F45683888504EBC1 /* Pods-Colab.debug.xcconfig */;
			buildSettings = {
				ASSETCATALOG_COMPILER_APPICON_NAME = AppIcon;
				INFOPLIST_FILE = Colab/Info.plist;
				IPHONEOS_DEPLOYMENT_TARGET = 8.3;
				LD_RUNPATH_SEARCH_PATHS = "$(inherited) @executable_path/Frameworks";
				PRODUCT_NAME = "$(TARGET_NAME)";
				SWIFT_OBJC_BRIDGING_HEADER = "./Colab/Co-Llab-Bridging-Header.h";
			};
			name = Debug;
		};
		D3C7C4961AB7637E00693A0F /* Release */ = {
			isa = XCBuildConfiguration;
			baseConfigurationReference = 82BE2E7BB73B25D4FF578869 /* Pods-Colab.release.xcconfig */;
			buildSettings = {
				ASSETCATALOG_COMPILER_APPICON_NAME = AppIcon;
				INFOPLIST_FILE = Colab/Info.plist;
				IPHONEOS_DEPLOYMENT_TARGET = 8.3;
				LD_RUNPATH_SEARCH_PATHS = "$(inherited) @executable_path/Frameworks";
				PRODUCT_NAME = "$(TARGET_NAME)";
				SWIFT_OBJC_BRIDGING_HEADER = "./Colab/Co-Llab-Bridging-Header.h";
			};
			name = Release;
		};
		D3C7C4981AB7637E00693A0F /* Debug */ = {
			isa = XCBuildConfiguration;
			baseConfigurationReference = 2A13488BD09F8CE31211D78E /* Pods-ColabTests.debug.xcconfig */;
			buildSettings = {
				BUNDLE_LOADER = "$(TEST_HOST)";
				FRAMEWORK_SEARCH_PATHS = (
					"$(SDKROOT)/Developer/Library/Frameworks",
					"$(inherited)",
				);
				GCC_PREPROCESSOR_DEFINITIONS = (
					"DEBUG=1",
					"$(inherited)",
				);
				INFOPLIST_FILE = ColabTests/Info.plist;
				LD_RUNPATH_SEARCH_PATHS = "$(inherited) @executable_path/Frameworks @loader_path/Frameworks";
				PRODUCT_NAME = "$(TARGET_NAME)";
				TEST_HOST = "$(BUILT_PRODUCTS_DIR)/Colab.app/Colab";
			};
			name = Debug;
		};
		D3C7C4991AB7637E00693A0F /* Release */ = {
			isa = XCBuildConfiguration;
			baseConfigurationReference = 836C9A7FD26DA67D25C7E782 /* Pods-ColabTests.release.xcconfig */;
			buildSettings = {
				BUNDLE_LOADER = "$(TEST_HOST)";
				FRAMEWORK_SEARCH_PATHS = (
					"$(SDKROOT)/Developer/Library/Frameworks",
					"$(inherited)",
				);
				INFOPLIST_FILE = ColabTests/Info.plist;
				LD_RUNPATH_SEARCH_PATHS = "$(inherited) @executable_path/Frameworks @loader_path/Frameworks";
				PRODUCT_NAME = "$(TARGET_NAME)";
				TEST_HOST = "$(BUILT_PRODUCTS_DIR)/Colab.app/Colab";
			};
			name = Release;
		};
/* End XCBuildConfiguration section */

/* Begin XCConfigurationList section */
		D3C7C46E1AB7637D00693A0F /* Build configuration list for PBXProject "Colab" */ = {
			isa = XCConfigurationList;
			buildConfigurations = (
				D3C7C4921AB7637E00693A0F /* Debug */,
				D3C7C4931AB7637E00693A0F /* Release */,
			);
			defaultConfigurationIsVisible = 0;
			defaultConfigurationName = Release;
		};
		D3C7C4941AB7637E00693A0F /* Build configuration list for PBXNativeTarget "Colab" */ = {
			isa = XCConfigurationList;
			buildConfigurations = (
				D3C7C4951AB7637E00693A0F /* Debug */,
				D3C7C4961AB7637E00693A0F /* Release */,
			);
			defaultConfigurationIsVisible = 0;
			defaultConfigurationName = Release;
		};
		D3C7C4971AB7637E00693A0F /* Build configuration list for PBXNativeTarget "ColabTests" */ = {
			isa = XCConfigurationList;
			buildConfigurations = (
				D3C7C4981AB7637E00693A0F /* Debug */,
				D3C7C4991AB7637E00693A0F /* Release */,
			);
			defaultConfigurationIsVisible = 0;
			defaultConfigurationName = Release;
		};
/* End XCConfigurationList section */
	};
	rootObject = D3C7C46B1AB7637D00693A0F /* Project object */;
}
